
Microsoft Visual Studio Solution File, Format Version 12.00
# Visual Studio 15
VisualStudioVersion = 15.0.26730.12
MinimumVisualStudioVersion = 10.0.40219.1
Project("{2150E333-8FDC-42A3-9474-1A3956D46DE8}") = "01_YK.BackgroundMgr.Presentation", "01_YK.BackgroundMgr.Presentation", "{ED1FEFAD-946E-4234-B758-99470160F06A}"
EndProject
Project("{2150E333-8FDC-42A3-9474-1A3956D46DE8}") = "02_YK.BackgroundMgr.Application", "02_YK.BackgroundMgr.Application", "{DD21530D-DD06-4A44-BE13-D10D75CFE9F3}"
EndProject
Project("{2150E333-8FDC-42A3-9474-1A3956D46DE8}") = "03_YK.BackgroundMgr.Domain", "03_YK.BackgroundMgr.Domain", "{9A352659-2F5D-433A-B661-26CE04C43011}"
EndProject
Project("{2150E333-8FDC-42A3-9474-1A3956D46DE8}") = "04_YK.BackgroundMgr.Infrastructure", "04_YK.BackgroundMgr.Infrastructure", "{6BE5D827-5792-43E3-9370-E4B7D889363F}"
EndProject
Project("{2150E333-8FDC-42A3-9474-1A3956D46DE8}") = "05_YK.BackgroundMgr.UnitTest", "05_YK.BackgroundMgr.UnitTest", "{C8603F11-E8E7-4FDD-83BD-FAEB9035FA71}"
EndProject
Project("{2150E333-8FDC-42A3-9474-1A3956D46DE8}") = "YK.BackgroundMgr.PropertyPlugin", "YK.BackgroundMgr.PropertyPlugin", "{63288C15-EAB1-4489-B179-C4EFDA24F839}"
EndProject
Project("{2150E333-8FDC-42A3-9474-1A3956D46DE8}") = "01_YK.PropertyMgr.Presentation", "01_YK.PropertyMgr.Presentation", "{1A1574F5-0ADC-4B55-ACE0-E977EE5D18DC}"
EndProject
Project("{2150E333-8FDC-42A3-9474-1A3956D46DE8}") = "02_YK.PropertyMgr.Application", "02_YK.PropertyMgr.Application", "{D1FCFB92-1590-4AA1-8EB9-4B7846A28844}"
EndProject
Project("{2150E333-8FDC-42A3-9474-1A3956D46DE8}") = "03_YK.PropertyMgr.Domain", "03_YK.PropertyMgr.Domain", "{4A747B9B-163D-417D-B68F-755F2C80EB4E}"
EndProject
Project("{2150E333-8FDC-42A3-9474-1A3956D46DE8}") = "04_YK.PropertyMgr.Infrastructure", "04_YK.PropertyMgr.Infrastructure", "{AC913AF0-B3EA-4ACB-A2B2-5D956073462C}"
EndProject
Project("{2150E333-8FDC-42A3-9474-1A3956D46DE8}") = "05_YK.PropertyMgr.UnitTest", "05_YK.PropertyMgr.UnitTest", "{DE24F4DB-1257-4A05-8A7A-DB709E901619}"
EndProject
Project("{FAE04EC0-301F-11D3-BF4B-00C04F79EFBC}") = "YK.BackgroundMgr.Common", "YK.BackgroundMgr.Common\YK.BackgroundMgr.Common.csproj", "{294BB781-D0AA-45CC-914F-9990310A2B3E}"
EndProject
Project("{FAE04EC0-301F-11D3-BF4B-00C04F79EFBC}") = "YK.BackgroundMgr.MVCWeb", "YK.BackgroundMgr.MVCWeb\YK.BackgroundMgr.MVCWeb.csproj", "{26049F12-E083-4C46-A735-B0457F08BE21}"
EndProject
Project("{FAE04EC0-301F-11D3-BF4B-00C04F79EFBC}") = "YK.BackgroundMgr.MVCWeb.Tests", "YK.BackgroundMgr.MVCWeb.Tests\YK.BackgroundMgr.MVCWeb.Tests.csproj", "{32DF88F4-105C-4A35-B95D-FBAD96442A28}"
EndProject
Project("{FAE04EC0-301F-11D3-BF4B-00C04F79EFBC}") = "YK.BackgroundMgr.ApplicationService", "YK.BackgroundMgr.ApplicationService\YK.BackgroundMgr.ApplicationService.csproj", "{9DF87DBE-774E-42D0-A639-D1C9484812C9}"
EndProject
Project("{FAE04EC0-301F-11D3-BF4B-00C04F79EFBC}") = "YK.BackgroundMgr.DomainService", "YK.BackgroundMgr.DomainService\YK.BackgroundMgr.DomainService.csproj", "{DC76E507-7060-4F8A-9EE4-FFDAA5D5EA83}"
EndProject
Project("{FAE04EC0-301F-11D3-BF4B-00C04F79EFBC}") = "YK.BackgroundMgr.Crosscuting", "YK.BackgroundMgr.Crosscuting\YK.BackgroundMgr.Crosscuting.csproj", "{07834BA1-0724-4192-98AB-DF7B9D1A314A}"
EndProject
Project("{FAE04EC0-301F-11D3-BF4B-00C04F79EFBC}") = "YK.BackgroundMgr.PresentationService", "YK.BackgroundMgr.PresentationService\YK.BackgroundMgr.PresentationService.csproj", "{0A61350A-2238-4847-8C0B-FC18DF7780A2}"
EndProject
Project("{FAE04EC0-301F-11D3-BF4B-00C04F79EFBC}") = "YK.PropertyMgr.MVCWeb", "YK.PropertyMgr.MVCWeb\YK.PropertyMgr.MVCWeb.csproj", "{522CB144-2E37-43E6-8348-26DA7A8694F6}"
EndProject
Project("{FAE04EC0-301F-11D3-BF4B-00C04F79EFBC}") = "YK.BackgroundMgr.ApplicationDTO", "YK.BackgroundMgr.ApplicationDTO\YK.BackgroundMgr.ApplicationDTO.csproj", "{8241A595-7F3D-4B58-AAEA-C5E73F41C317}"
EndProject
Project("{FAE04EC0-301F-11D3-BF4B-00C04F79EFBC}") = "YK.BackgroundMgr.ApplicationMapper", "YK.BackgroundMgr.ApplicationMapper\YK.BackgroundMgr.ApplicationMapper.csproj", "{80DC3E82-67BB-43CA-A9B3-1539A850A863}"
EndProject
Project("{FAE04EC0-301F-11D3-BF4B-00C04F79EFBC}") = "YK.BackgroundMgr.DomainEntity", "YK.BackgroundMgr.DomainEntity\YK.BackgroundMgr.DomainEntity.csproj", "{0B6E4039-636B-4E37-981E-EE919A38CD44}"
EndProject
Project("{FAE04EC0-301F-11D3-BF4B-00C04F79EFBC}") = "YK.BackgroundMgr.RepositoryContract", "YK.BackgroundMgr.RepositoryContract\YK.BackgroundMgr.RepositoryContract.csproj", "{7D708544-A2BD-4A53-AC4E-9C7D0279E1F3}"
EndProject
Project("{FAE04EC0-301F-11D3-BF4B-00C04F79EFBC}") = "YK.BackgroundMgr.Repository", "YK.BackgroundMgr.Repository\YK.BackgroundMgr.Repository.csproj", "{00ECC89B-4816-4313-ABCB-C3FC2ED4482E}"
EndProject
Project("{FAE04EC0-301F-11D3-BF4B-00C04F79EFBC}") = "YK.BackgroundMgr.UnitOfWork", "YK.BackgroundMgr.UnitOfWork\YK.BackgroundMgr.UnitOfWork.csproj", "{A219A112-104F-492A-8D6B-EC790D536B70}"
EndProject
Project("{FAE04EC0-301F-11D3-BF4B-00C04F79EFBC}") = "YK.PropertyMgr.ApplicationDTO", "YK.PropertyMgr.ApplicationDTO\YK.PropertyMgr.ApplicationDTO.csproj", "{C4DCFC6B-8842-4DC5-9B63-67B5529FD865}"
EndProject
Project("{FAE04EC0-301F-11D3-BF4B-00C04F79EFBC}") = "YK.PropertyMgr.ApplicationMapper", "YK.PropertyMgr.ApplicationMapper\YK.PropertyMgr.ApplicationMapper.csproj", "{B37D77A1-0404-4B86-9887-6023044E3D02}"
EndProject
Project("{FAE04EC0-301F-11D3-BF4B-00C04F79EFBC}") = "YK.PropertyMgr.ApplicationService", "YK.PropertyMgr.ApplicationService\YK.PropertyMgr.ApplicationService.csproj", "{7790B0B4-A596-4EEE-8BDE-5FA3455240FC}"
EndProject
Project("{FAE04EC0-301F-11D3-BF4B-00C04F79EFBC}") = "YK.PropertyMgr.DomainEntity", "YK.PropertyMgr.DomainEntity\YK.PropertyMgr.DomainEntity.csproj", "{D44079AA-1823-4E0E-AF79-80AFDA8D01C1}"
EndProject
Project("{FAE04EC0-301F-11D3-BF4B-00C04F79EFBC}") = "YK.PropertyMgr.RepositoryContract", "YK.PropertyMgr.RepositoryContract\YK.PropertyMgr.RepositoryContract.csproj", "{ECC30580-FE67-4FCD-A304-B7620DBF1094}"
EndProject
Project("{FAE04EC0-301F-11D3-BF4B-00C04F79EFBC}") = "YK.PropertyMgr.DomainService", "YK.PropertyMgr.DomainService\YK.PropertyMgr.DomainService.csproj", "{8B3D981A-A56B-49E8-BB9E-C19A753AB6D7}"
EndProject
Project("{FAE04EC0-301F-11D3-BF4B-00C04F79EFBC}") = "YK.PropertyMgr.Crosscuting", "YK.PropertyMgr.Crosscuting\YK.PropertyMgr.Crosscuting.csproj", "{06FA26EA-B6CB-4F79-A0FD-3EA5C27A7FAC}"
EndProject
Project("{FAE04EC0-301F-11D3-BF4B-00C04F79EFBC}") = "YK.PropertyMgr.Repository", "YK.PropertyMgr.Repository\YK.PropertyMgr.Repository.csproj", "{4D246B69-BA6B-4059-B491-63DAB8A9B33E}"
EndProject
Project("{FAE04EC0-301F-11D3-BF4B-00C04F79EFBC}") = "YK.PropertyMgr.UnitOfWork", "YK.PropertyMgr.UnitOfWork\YK.PropertyMgr.UnitOfWork.csproj", "{29A9CCE0-4154-4672-8E4A-3251261F2FC3}"
EndProject
Project("{FAE04EC0-301F-11D3-BF4B-00C04F79EFBC}") = "YK.PropertyMgr.CompositeAppService", "YK.PropertyMgr.CompositeAppService\YK.PropertyMgr.CompositeAppService.csproj", "{D2B6EEE8-E5C3-4E26-9DAE-C774AD7397BD}"
EndProject
Project("{FAE04EC0-301F-11D3-BF4B-00C04F79EFBC}") = "YK.PropertyMgr.CompositeDomainService", "YK.PropertyMgr.CompositeDomainService\YK.PropertyMgr.CompositeDomainService.csproj", "{C33EB923-5100-4F13-A993-AD63C810CCF2}"
EndProject
Project("{FAE04EC0-301F-11D3-BF4B-00C04F79EFBC}") = "YK.BackgroundMgr.CompositeAppService", "YK.BackgroundMgr.CompositeAppService\YK.BackgroundMgr.CompositeAppService.csproj", "{A400C1E9-2B60-4737-A81C-4FF4B5AF0A57}"
EndProject
Project("{FAE04EC0-301F-11D3-BF4B-00C04F79EFBC}") = "YK.BackgroundMgr.DomainInterface", "YK.BackgroundMgr.DomainInterface\YK.BackgroundMgr.DomainInterface.csproj", "{71F15FEC-65CB-4EF3-84F5-7606B332B686}"
EndProject
Project("{FAE04EC0-301F-11D3-BF4B-00C04F79EFBC}") = "YK.BackgroundMgr.DomainCompositeService", "YK.BackgroundMgr.DomainCompositeService\YK.BackgroundMgr.DomainCompositeService.csproj", "{85093CCD-07EC-4AC9-9BDC-8B7C06B94F51}"
EndProject
Project("{FAE04EC0-301F-11D3-BF4B-00C04F79EFBC}") = "YK.PropertyMgr.CompositeAppService.Tests", "YK.PropertyMgr.CompositeAppService.Tests\YK.PropertyMgr.CompositeAppService.Tests.csproj", "{BA27B485-CC2D-4860-BEDB-4092CCCFE7F4}"
EndProject
Project("{2150E333-8FDC-42A3-9474-1A3956D46DE8}") = "YK.ZNMS", "YK.ZNMS", "{ED9B6BE9-ED19-4450-9DA3-9636330B856B}"
EndProject
Project("{FAE04EC0-301F-11D3-BF4B-00C04F79EFBC}") = "PropertySysAPI.Accessor", "YK.ZNMS\PropertySysAPI.Accessor\PropertySysAPI.Accessor.csproj", "{92607C3D-F0CA-4771-84C6-6DD542602551}"
EndProject
Project("{FAE04EC0-301F-11D3-BF4B-00C04F79EFBC}") = "PropertySysAPI.Entity", "YK.ZNMS\PropertySysAPI.Entity\PropertySysAPI.Entity.csproj", "{BD77DA43-9842-4749-869E-3C610780ED44}"
EndProject
Project("{FAE04EC0-301F-11D3-BF4B-00C04F79EFBC}") = "YK.PropertyMgr.MVCWeb.Tests", "YK.PropertyMgr.MVCWeb.Tests\YK.PropertyMgr.MVCWeb.Tests.csproj", "{44A2F274-4DB4-45FE-9964-49CC691D3180}"
EndProject
Global
	GlobalSection(SolutionConfigurationPlatforms) = preSolution
		Debug|Any CPU = Debug|Any CPU
		Release|Any CPU = Release|Any CPU
	EndGlobalSection
	GlobalSection(ProjectConfigurationPlatforms) = postSolution
		{294BB781-D0AA-45CC-914F-9990310A2B3E}.Debug|Any CPU.ActiveCfg = Debug|Any CPU
		{294BB781-D0AA-45CC-914F-9990310A2B3E}.Debug|Any CPU.Build.0 = Debug|Any CPU
		{294BB781-D0AA-45CC-914F-9990310A2B3E}.Release|Any CPU.ActiveCfg = Release|Any CPU
		{294BB781-D0AA-45CC-914F-9990310A2B3E}.Release|Any CPU.Build.0 = Release|Any CPU
		{26049F12-E083-4C46-A735-B0457F08BE21}.Debug|Any CPU.ActiveCfg = Debug|Any CPU
		{26049F12-E083-4C46-A735-B0457F08BE21}.Debug|Any CPU.Build.0 = Debug|Any CPU
		{26049F12-E083-4C46-A735-B0457F08BE21}.Release|Any CPU.ActiveCfg = Release|Any CPU
		{26049F12-E083-4C46-A735-B0457F08BE21}.Release|Any CPU.Build.0 = Release|Any CPU
		{32DF88F4-105C-4A35-B95D-FBAD96442A28}.Debug|Any CPU.ActiveCfg = Debug|Any CPU
		{32DF88F4-105C-4A35-B95D-FBAD96442A28}.Debug|Any CPU.Build.0 = Debug|Any CPU
		{32DF88F4-105C-4A35-B95D-FBAD96442A28}.Release|Any CPU.ActiveCfg = Release|Any CPU
		{32DF88F4-105C-4A35-B95D-FBAD96442A28}.Release|Any CPU.Build.0 = Release|Any CPU
		{9DF87DBE-774E-42D0-A639-D1C9484812C9}.Debug|Any CPU.ActiveCfg = Debug|Any CPU
		{9DF87DBE-774E-42D0-A639-D1C9484812C9}.Debug|Any CPU.Build.0 = Debug|Any CPU
		{9DF87DBE-774E-42D0-A639-D1C9484812C9}.Release|Any CPU.ActiveCfg = Release|Any CPU
		{9DF87DBE-774E-42D0-A639-D1C9484812C9}.Release|Any CPU.Build.0 = Release|Any CPU
		{DC76E507-7060-4F8A-9EE4-FFDAA5D5EA83}.Debug|Any CPU.ActiveCfg = Debug|Any CPU
		{DC76E507-7060-4F8A-9EE4-FFDAA5D5EA83}.Debug|Any CPU.Build.0 = Debug|Any CPU
		{DC76E507-7060-4F8A-9EE4-FFDAA5D5EA83}.Release|Any CPU.ActiveCfg = Release|Any CPU
		{DC76E507-7060-4F8A-9EE4-FFDAA5D5EA83}.Release|Any CPU.Build.0 = Release|Any CPU
		{07834BA1-0724-4192-98AB-DF7B9D1A314A}.Debug|Any CPU.ActiveCfg = Debug|Any CPU
		{07834BA1-0724-4192-98AB-DF7B9D1A314A}.Debug|Any CPU.Build.0 = Debug|Any CPU
		{07834BA1-0724-4192-98AB-DF7B9D1A314A}.Release|Any CPU.ActiveCfg = Release|Any CPU
		{07834BA1-0724-4192-98AB-DF7B9D1A314A}.Release|Any CPU.Build.0 = Release|Any CPU
		{0A61350A-2238-4847-8C0B-FC18DF7780A2}.Debug|Any CPU.ActiveCfg = Debug|Any CPU
		{0A61350A-2238-4847-8C0B-FC18DF7780A2}.Debug|Any CPU.Build.0 = Debug|Any CPU
		{0A61350A-2238-4847-8C0B-FC18DF7780A2}.Release|Any CPU.ActiveCfg = Release|Any CPU
		{0A61350A-2238-4847-8C0B-FC18DF7780A2}.Release|Any CPU.Build.0 = Release|Any CPU
		{522CB144-2E37-43E6-8348-26DA7A8694F6}.Debug|Any CPU.ActiveCfg = Debug|Any CPU
		{522CB144-2E37-43E6-8348-26DA7A8694F6}.Debug|Any CPU.Build.0 = Debug|Any CPU
		{522CB144-2E37-43E6-8348-26DA7A8694F6}.Release|Any CPU.ActiveCfg = Release|Any CPU
		{522CB144-2E37-43E6-8348-26DA7A8694F6}.Release|Any CPU.Build.0 = Release|Any CPU
		{8241A595-7F3D-4B58-AAEA-C5E73F41C317}.Debug|Any CPU.ActiveCfg = Debug|Any CPU
		{8241A595-7F3D-4B58-AAEA-C5E73F41C317}.Debug|Any CPU.Build.0 = Debug|Any CPU
		{8241A595-7F3D-4B58-AAEA-C5E73F41C317}.Release|Any CPU.ActiveCfg = Release|Any CPU
		{8241A595-7F3D-4B58-AAEA-C5E73F41C317}.Release|Any CPU.Build.0 = Release|Any CPU
		{80DC3E82-67BB-43CA-A9B3-1539A850A863}.Debug|Any CPU.ActiveCfg = Debug|Any CPU
		{80DC3E82-67BB-43CA-A9B3-1539A850A863}.Debug|Any CPU.Build.0 = Debug|Any CPU
		{80DC3E82-67BB-43CA-A9B3-1539A850A863}.Release|Any CPU.ActiveCfg = Release|Any CPU
		{80DC3E82-67BB-43CA-A9B3-1539A850A863}.Release|Any CPU.Build.0 = Release|Any CPU
		{0B6E4039-636B-4E37-981E-EE919A38CD44}.Debug|Any CPU.ActiveCfg = Debug|Any CPU
		{0B6E4039-636B-4E37-981E-EE919A38CD44}.Debug|Any CPU.Build.0 = Debug|Any CPU
		{0B6E4039-636B-4E37-981E-EE919A38CD44}.Release|Any CPU.ActiveCfg = Release|Any CPU
		{0B6E4039-636B-4E37-981E-EE919A38CD44}.Release|Any CPU.Build.0 = Release|Any CPU
		{7D708544-A2BD-4A53-AC4E-9C7D0279E1F3}.Debug|Any CPU.ActiveCfg = Debug|Any CPU
		{7D708544-A2BD-4A53-AC4E-9C7D0279E1F3}.Debug|Any CPU.Build.0 = Debug|Any CPU
		{7D708544-A2BD-4A53-AC4E-9C7D0279E1F3}.Release|Any CPU.ActiveCfg = Release|Any CPU
		{7D708544-A2BD-4A53-AC4E-9C7D0279E1F3}.Release|Any CPU.Build.0 = Release|Any CPU
		{00ECC89B-4816-4313-ABCB-C3FC2ED4482E}.Debug|Any CPU.ActiveCfg = Debug|Any CPU
		{00ECC89B-4816-4313-ABCB-C3FC2ED4482E}.Debug|Any CPU.Build.0 = Debug|Any CPU
		{00ECC89B-4816-4313-ABCB-C3FC2ED4482E}.Release|Any CPU.ActiveCfg = Release|Any CPU
		{00ECC89B-4816-4313-ABCB-C3FC2ED4482E}.Release|Any CPU.Build.0 = Release|Any CPU
		{A219A112-104F-492A-8D6B-EC790D536B70}.Debug|Any CPU.ActiveCfg = Debug|Any CPU
		{A219A112-104F-492A-8D6B-EC790D536B70}.Debug|Any CPU.Build.0 = Debug|Any CPU
		{A219A112-104F-492A-8D6B-EC790D536B70}.Release|Any CPU.ActiveCfg = Release|Any CPU
		{A219A112-104F-492A-8D6B-EC790D536B70}.Release|Any CPU.Build.0 = Release|Any CPU
		{C4DCFC6B-8842-4DC5-9B63-67B5529FD865}.Debug|Any CPU.ActiveCfg = Debug|Any CPU
		{C4DCFC6B-8842-4DC5-9B63-67B5529FD865}.Debug|Any CPU.Build.0 = Debug|Any CPU
		{C4DCFC6B-8842-4DC5-9B63-67B5529FD865}.Release|Any CPU.ActiveCfg = Release|Any CPU
		{C4DCFC6B-8842-4DC5-9B63-67B5529FD865}.Release|Any CPU.Build.0 = Release|Any CPU
		{B37D77A1-0404-4B86-9887-6023044E3D02}.Debug|Any CPU.ActiveCfg = Debug|Any CPU
		{B37D77A1-0404-4B86-9887-6023044E3D02}.Debug|Any CPU.Build.0 = Debug|Any CPU
		{B37D77A1-0404-4B86-9887-6023044E3D02}.Release|Any CPU.ActiveCfg = Release|Any CPU
		{B37D77A1-0404-4B86-9887-6023044E3D02}.Release|Any CPU.Build.0 = Release|Any CPU
		{7790B0B4-A596-4EEE-8BDE-5FA3455240FC}.Debug|Any CPU.ActiveCfg = Debug|Any CPU
		{7790B0B4-A596-4EEE-8BDE-5FA3455240FC}.Debug|Any CPU.Build.0 = Debug|Any CPU
		{7790B0B4-A596-4EEE-8BDE-5FA3455240FC}.Release|Any CPU.ActiveCfg = Release|Any CPU
		{7790B0B4-A596-4EEE-8BDE-5FA3455240FC}.Release|Any CPU.Build.0 = Release|Any CPU
		{D44079AA-1823-4E0E-AF79-80AFDA8D01C1}.Debug|Any CPU.ActiveCfg = Debug|Any CPU
		{D44079AA-1823-4E0E-AF79-80AFDA8D01C1}.Debug|Any CPU.Build.0 = Debug|Any CPU
		{D44079AA-1823-4E0E-AF79-80AFDA8D01C1}.Release|Any CPU.ActiveCfg = Release|Any CPU
		{D44079AA-1823-4E0E-AF79-80AFDA8D01C1}.Release|Any CPU.Build.0 = Release|Any CPU
		{ECC30580-FE67-4FCD-A304-B7620DBF1094}.Debug|Any CPU.ActiveCfg = Debug|Any CPU
		{ECC30580-FE67-4FCD-A304-B7620DBF1094}.Debug|Any CPU.Build.0 = Debug|Any CPU
		{ECC30580-FE67-4FCD-A304-B7620DBF1094}.Release|Any CPU.ActiveCfg = Release|Any CPU
		{ECC30580-FE67-4FCD-A304-B7620DBF1094}.Release|Any CPU.Build.0 = Release|Any CPU
		{8B3D981A-A56B-49E8-BB9E-C19A753AB6D7}.Debug|Any CPU.ActiveCfg = Debug|Any CPU
		{8B3D981A-A56B-49E8-BB9E-C19A753AB6D7}.Debug|Any CPU.Build.0 = Debug|Any CPU
		{8B3D981A-A56B-49E8-BB9E-C19A753AB6D7}.Release|Any CPU.ActiveCfg = Release|Any CPU
		{8B3D981A-A56B-49E8-BB9E-C19A753AB6D7}.Release|Any CPU.Build.0 = Release|Any CPU
		{06FA26EA-B6CB-4F79-A0FD-3EA5C27A7FAC}.Debug|Any CPU.ActiveCfg = Debug|Any CPU
		{06FA26EA-B6CB-4F79-A0FD-3EA5C27A7FAC}.Debug|Any CPU.Build.0 = Debug|Any CPU
		{06FA26EA-B6CB-4F79-A0FD-3EA5C27A7FAC}.Release|Any CPU.ActiveCfg = Release|Any CPU
		{06FA26EA-B6CB-4F79-A0FD-3EA5C27A7FAC}.Release|Any CPU.Build.0 = Release|Any CPU
		{4D246B69-BA6B-4059-B491-63DAB8A9B33E}.Debug|Any CPU.ActiveCfg = Debug|Any CPU
		{4D246B69-BA6B-4059-B491-63DAB8A9B33E}.Debug|Any CPU.Build.0 = Debug|Any CPU
		{4D246B69-BA6B-4059-B491-63DAB8A9B33E}.Release|Any CPU.ActiveCfg = Release|Any CPU
		{4D246B69-BA6B-4059-B491-63DAB8A9B33E}.Release|Any CPU.Build.0 = Release|Any CPU
		{29A9CCE0-4154-4672-8E4A-3251261F2FC3}.Debug|Any CPU.ActiveCfg = Debug|Any CPU
		{29A9CCE0-4154-4672-8E4A-3251261F2FC3}.Debug|Any CPU.Build.0 = Debug|Any CPU
		{29A9CCE0-4154-4672-8E4A-3251261F2FC3}.Release|Any CPU.ActiveCfg = Release|Any CPU
		{29A9CCE0-4154-4672-8E4A-3251261F2FC3}.Release|Any CPU.Build.0 = Release|Any CPU
		{D2B6EEE8-E5C3-4E26-9DAE-C774AD7397BD}.Debug|Any CPU.ActiveCfg = Debug|Any CPU
		{D2B6EEE8-E5C3-4E26-9DAE-C774AD7397BD}.Debug|Any CPU.Build.0 = Debug|Any CPU
		{D2B6EEE8-E5C3-4E26-9DAE-C774AD7397BD}.Release|Any CPU.ActiveCfg = Release|Any CPU
		{D2B6EEE8-E5C3-4E26-9DAE-C774AD7397BD}.Release|Any CPU.Build.0 = Release|Any CPU
		{C33EB923-5100-4F13-A993-AD63C810CCF2}.Debug|Any CPU.ActiveCfg = Debug|Any CPU
		{C33EB923-5100-4F13-A993-AD63C810CCF2}.Debug|Any CPU.Build.0 = Debug|Any CPU
		{C33EB923-5100-4F13-A993-AD63C810CCF2}.Release|Any CPU.ActiveCfg = Release|Any CPU
		{C33EB923-5100-4F13-A993-AD63C810CCF2}.Release|Any CPU.Build.0 = Release|Any CPU
		{A400C1E9-2B60-4737-A81C-4FF4B5AF0A57}.Debug|Any CPU.ActiveCfg = Debug|Any CPU
		{A400C1E9-2B60-4737-A81C-4FF4B5AF0A57}.Debug|Any CPU.Build.0 = Debug|Any CPU
		{A400C1E9-2B60-4737-A81C-4FF4B5AF0A57}.Release|Any CPU.ActiveCfg = Release|Any CPU
		{A400C1E9-2B60-4737-A81C-4FF4B5AF0A57}.Release|Any CPU.Build.0 = Release|Any CPU
		{71F15FEC-65CB-4EF3-84F5-7606B332B686}.Debug|Any CPU.ActiveCfg = Debug|Any CPU
		{71F15FEC-65CB-4EF3-84F5-7606B332B686}.Debug|Any CPU.Build.0 = Debug|Any CPU
		{71F15FEC-65CB-4EF3-84F5-7606B332B686}.Release|Any CPU.ActiveCfg = Release|Any CPU
		{71F15FEC-65CB-4EF3-84F5-7606B332B686}.Release|Any CPU.Build.0 = Release|Any CPU
		{85093CCD-07EC-4AC9-9BDC-8B7C06B94F51}.Debug|Any CPU.ActiveCfg = Debug|Any CPU
		{85093CCD-07EC-4AC9-9BDC-8B7C06B94F51}.Debug|Any CPU.Build.0 = Debug|Any CPU
		{85093CCD-07EC-4AC9-9BDC-8B7C06B94F51}.Release|Any CPU.ActiveCfg = Release|Any CPU
		{85093CCD-07EC-4AC9-9BDC-8B7C06B94F51}.Release|Any CPU.Build.0 = Release|Any CPU
		{BA27B485-CC2D-4860-BEDB-4092CCCFE7F4}.Debug|Any CPU.ActiveCfg = Debug|Any CPU
		{BA27B485-CC2D-4860-BEDB-4092CCCFE7F4}.Debug|Any CPU.Build.0 = Debug|Any CPU
		{BA27B485-CC2D-4860-BEDB-4092CCCFE7F4}.Release|Any CPU.ActiveCfg = Release|Any CPU
		{BA27B485-CC2D-4860-BEDB-4092CCCFE7F4}.Release|Any CPU.Build.0 = Release|Any CPU
		{92607C3D-F0CA-4771-84C6-6DD542602551}.Debug|Any CPU.ActiveCfg = Debug|Any CPU
		{92607C3D-F0CA-4771-84C6-6DD542602551}.Debug|Any CPU.Build.0 = Debug|Any CPU
		{92607C3D-F0CA-4771-84C6-6DD542602551}.Release|Any CPU.ActiveCfg = Release|Any CPU
		{92607C3D-F0CA-4771-84C6-6DD542602551}.Release|Any CPU.Build.0 = Release|Any CPU
		{BD77DA43-9842-4749-869E-3C610780ED44}.Debug|Any CPU.ActiveCfg = Debug|Any CPU
		{BD77DA43-9842-4749-869E-3C610780ED44}.Debug|Any CPU.Build.0 = Debug|Any CPU
		{BD77DA43-9842-4749-869E-3C610780ED44}.Release|Any CPU.ActiveCfg = Release|Any CPU
		{BD77DA43-9842-4749-869E-3C610780ED44}.Release|Any CPU.Build.0 = Release|Any CPU
		{44A2F274-4DB4-45FE-9964-49CC691D3180}.Debug|Any CPU.ActiveCfg = Debug|Any CPU
		{44A2F274-4DB4-45FE-9964-49CC691D3180}.Debug|Any CPU.Build.0 = Debug|Any CPU
		{44A2F274-4DB4-45FE-9964-49CC691D3180}.Release|Any CPU.ActiveCfg = Release|Any CPU
		{44A2F274-4DB4-45FE-9964-49CC691D3180}.Release|Any CPU.Build.0 = Release|Any CPU
	EndGlobalSection
	GlobalSection(SolutionProperties) = preSolution
		HideSolutionNode = FALSE
	EndGlobalSection
	GlobalSection(NestedProjects) = preSolution
		{1A1574F5-0ADC-4B55-ACE0-E977EE5D18DC} = {63288C15-EAB1-4489-B179-C4EFDA24F839}
		{D1FCFB92-1590-4AA1-8EB9-4B7846A28844} = {63288C15-EAB1-4489-B179-C4EFDA24F839}
		{4A747B9B-163D-417D-B68F-755F2C80EB4E} = {63288C15-EAB1-4489-B179-C4EFDA24F839}
		{AC913AF0-B3EA-4ACB-A2B2-5D956073462C} = {63288C15-EAB1-4489-B179-C4EFDA24F839}
		{DE24F4DB-1257-4A05-8A7A-DB709E901619} = {63288C15-EAB1-4489-B179-C4EFDA24F839}
		{294BB781-D0AA-45CC-914F-9990310A2B3E} = {ED1FEFAD-946E-4234-B758-99470160F06A}
		{26049F12-E083-4C46-A735-B0457F08BE21} = {ED1FEFAD-946E-4234-B758-99470160F06A}
		{32DF88F4-105C-4A35-B95D-FBAD96442A28} = {C8603F11-E8E7-4FDD-83BD-FAEB9035FA71}
		{9DF87DBE-774E-42D0-A639-D1C9484812C9} = {DD21530D-DD06-4A44-BE13-D10D75CFE9F3}
		{DC76E507-7060-4F8A-9EE4-FFDAA5D5EA83} = {9A352659-2F5D-433A-B661-26CE04C43011}
		{07834BA1-0724-4192-98AB-DF7B9D1A314A} = {6BE5D827-5792-43E3-9370-E4B7D889363F}
		{0A61350A-2238-4847-8C0B-FC18DF7780A2} = {ED1FEFAD-946E-4234-B758-99470160F06A}
		{522CB144-2E37-43E6-8348-26DA7A8694F6} = {1A1574F5-0ADC-4B55-ACE0-E977EE5D18DC}
		{8241A595-7F3D-4B58-AAEA-C5E73F41C317} = {DD21530D-DD06-4A44-BE13-D10D75CFE9F3}
		{80DC3E82-67BB-43CA-A9B3-1539A850A863} = {DD21530D-DD06-4A44-BE13-D10D75CFE9F3}
		{0B6E4039-636B-4E37-981E-EE919A38CD44} = {9A352659-2F5D-433A-B661-26CE04C43011}
		{7D708544-A2BD-4A53-AC4E-9C7D0279E1F3} = {9A352659-2F5D-433A-B661-26CE04C43011}
		{00ECC89B-4816-4313-ABCB-C3FC2ED4482E} = {6BE5D827-5792-43E3-9370-E4B7D889363F}
		{A219A112-104F-492A-8D6B-EC790D536B70} = {6BE5D827-5792-43E3-9370-E4B7D889363F}
		{C4DCFC6B-8842-4DC5-9B63-67B5529FD865} = {D1FCFB92-1590-4AA1-8EB9-4B7846A28844}
		{B37D77A1-0404-4B86-9887-6023044E3D02} = {D1FCFB92-1590-4AA1-8EB9-4B7846A28844}
		{7790B0B4-A596-4EEE-8BDE-5FA3455240FC} = {D1FCFB92-1590-4AA1-8EB9-4B7846A28844}
		{D44079AA-1823-4E0E-AF79-80AFDA8D01C1} = {4A747B9B-163D-417D-B68F-755F2C80EB4E}
		{ECC30580-FE67-4FCD-A304-B7620DBF1094} = {4A747B9B-163D-417D-B68F-755F2C80EB4E}
		{8B3D981A-A56B-49E8-BB9E-C19A753AB6D7} = {4A747B9B-163D-417D-B68F-755F2C80EB4E}
		{06FA26EA-B6CB-4F79-A0FD-3EA5C27A7FAC} = {AC913AF0-B3EA-4ACB-A2B2-5D956073462C}
		{4D246B69-BA6B-4059-B491-63DAB8A9B33E} = {AC913AF0-B3EA-4ACB-A2B2-5D956073462C}
		{29A9CCE0-4154-4672-8E4A-3251261F2FC3} = {AC913AF0-B3EA-4ACB-A2B2-5D956073462C}
		{D2B6EEE8-E5C3-4E26-9DAE-C774AD7397BD} = {D1FCFB92-1590-4AA1-8EB9-4B7846A28844}
		{C33EB923-5100-4F13-A993-AD63C810CCF2} = {4A747B9B-163D-417D-B68F-755F2C80EB4E}
		{A400C1E9-2B60-4737-A81C-4FF4B5AF0A57} = {DD21530D-DD06-4A44-BE13-D10D75CFE9F3}
		{71F15FEC-65CB-4EF3-84F5-7606B332B686} = {9A352659-2F5D-433A-B661-26CE04C43011}
		{85093CCD-07EC-4AC9-9BDC-8B7C06B94F51} = {9A352659-2F5D-433A-B661-26CE04C43011}
		{BA27B485-CC2D-4860-BEDB-4092CCCFE7F4} = {DE24F4DB-1257-4A05-8A7A-DB709E901619}
		{92607C3D-F0CA-4771-84C6-6DD542602551} = {ED9B6BE9-ED19-4450-9DA3-9636330B856B}
		{BD77DA43-9842-4749-869E-3C610780ED44} = {ED9B6BE9-ED19-4450-9DA3-9636330B856B}
		{44A2F274-4DB4-45FE-9964-49CC691D3180} = {DE24F4DB-1257-4A05-8A7A-DB709E901619}
	EndGlobalSection
	GlobalSection(ExtensibilityGlobals) = postSolution
		SolutionGuid = {60BA357A-6169-4B17-880B-98293E22CDE4}
	EndGlobalSection
EndGlobal
